
Microsoft Visual Studio Solution File, Format Version 12.00
# Visual Studio Version 16
VisualStudioVersion = 16.0.32106.194
MinimumVisualStudioVersion = 10.0.40219.1
Project("{FAE04EC0-301F-11D3-BF4B-00C04F79EFBC}") = "Json2Excel", "Json2Excel\Json2Excel.csproj", "{FB15ECAF-08E1-47DF-BEF3-F9B1FC681983}"
EndProject
Global
	GlobalSection(SolutionConfigurationPlatforms) = preSolution
		Debug|Any CPU = Debug|Any CPU
		Release|Any CPU = Release|Any CPU
	EndGlobalSection
	GlobalSection(ProjectConfigurationPlatforms) = postSolution
		{FB15ECAF-08E1-47DF-BEF3-F9B1FC681983}.Debug|Any CPU.ActiveCfg = Debug|Any CPU
		{FB15ECAF-08E1-47DF-BEF3-F9B1FC681983}.Debug|Any CPU.Build.0 = Debug|Any CPU
		{FB15ECAF-08E1-47DF-BEF3-F9B1FC681983}.Release|Any CPU.ActiveCfg = Release|Any CPU
		{FB15ECAF-08E1-47DF-BEF3-F9B1FC681983}.Release|Any CPU.Build.0 = Release|Any CPU
	EndGlobalSection
	GlobalSection(SolutionProperties) = preSolution
		HideSolutionNode = FALSE
	EndGlobalSection
	GlobalSection(ExtensibilityGlobals) = postSolution
		SolutionGuid = {39B0BA5C-2659-45A8-997E-36530A3FCACC}
	EndGlobalSection
EndGlobal
